// !$*UTF8*$!
{
	archiveVersion = 1;
	classes = {
	};
	objectVersion = 50;
	objects = {

/* Begin PBXBuildFile section */
		8FF335FC209480A600882DC9 /* AssetPersistenceManager.swift in Sources */ = {isa = PBXBuildFile; fileRef = 8FF335FB209480A600882DC9 /* AssetPersistenceManager.swift */; };
		8FF335FF2094814700882DC9 /* Asset.swift in Sources */ = {isa = PBXBuildFile; fileRef = 8FF335FE2094814700882DC9 /* Asset.swift */; };
		8FF33601209482C500882DC9 /* StreamListManager.swift in Sources */ = {isa = PBXBuildFile; fileRef = 8FF33600209482C500882DC9 /* StreamListManager.swift */; };
		8FF336032094847400882DC9 /* Stream.swift in Sources */ = {isa = PBXBuildFile; fileRef = 8FF336022094847400882DC9 /* Stream.swift */; };
		8FF336052094889700882DC9 /* Extensions.swift in Sources */ = {isa = PBXBuildFile; fileRef = 8FF336042094889700882DC9 /* Extensions.swift */; };
		8FF33607209492B700882DC9 /* Streams.plist in Resources */ = {isa = PBXBuildFile; fileRef = 8FF33606209492B700882DC9 /* Streams.plist */; };
		8FF86746208F733F00E1BCC1 /* AppDelegate.swift in Sources */ = {isa = PBXBuildFile; fileRef = 8FF86745208F733F00E1BCC1 /* AppDelegate.swift */; };
		8FF86748208F733F00E1BCC1 /* ViewController.swift in Sources */ = {isa = PBXBuildFile; fileRef = 8FF86747208F733F00E1BCC1 /* ViewController.swift */; };
		8FF8674B208F733F00E1BCC1 /* Main.storyboard in Resources */ = {isa = PBXBuildFile; fileRef = 8FF86749208F733F00E1BCC1 /* Main.storyboard */; };
		8FF8674D208F734100E1BCC1 /* Assets.xcassets in Resources */ = {isa = PBXBuildFile; fileRef = 8FF8674C208F734100E1BCC1 /* Assets.xcassets */; };
		8FF86750208F734100E1BCC1 /* LaunchScreen.storyboard in Resources */ = {isa = PBXBuildFile; fileRef = 8FF8674E208F734100E1BCC1 /* LaunchScreen.storyboard */; };
/* End PBXBuildFile section */

/* Begin PBXFileReference section */
		8FF335FB209480A600882DC9 /* AssetPersistenceManager.swift */ = {isa = PBXFileReference; lastKnownFileType = sourcecode.swift; path = AssetPersistenceManager.swift; sourceTree = "<group>"; };
		8FF335FE2094814700882DC9 /* Asset.swift */ = {isa = PBXFileReference; lastKnownFileType = sourcecode.swift; path = Asset.swift; sourceTree = "<group>"; };
		8FF33600209482C500882DC9 /* StreamListManager.swift */ = {isa = PBXFileReference; lastKnownFileType = sourcecode.swift; path = StreamListManager.swift; sourceTree = "<group>"; };
		8FF336022094847400882DC9 /* Stream.swift */ = {isa = PBXFileReference; lastKnownFileType = sourcecode.swift; path = Stream.swift; sourceTree = "<group>"; };
		8FF336042094889700882DC9 /* Extensions.swift */ = {isa = PBXFileReference; lastKnownFileType = sourcecode.swift; path = Extensions.swift; sourceTree = "<group>"; };
		8FF33606209492B700882DC9 /* Streams.plist */ = {isa = PBXFileReference; lastKnownFileType = text.plist.xml; path = Streams.plist; sourceTree = "<group>"; };
		8FF86742208F733F00E1BCC1 /* HlsVideoPlayerApp.app */ = {isa = PBXFileReference; explicitFileType = wrapper.application; includeInIndex = 0; path = HlsVideoPlayerApp.app; sourceTree = BUILT_PRODUCTS_DIR; };
		8FF86745208F733F00E1BCC1 /* AppDelegate.swift */ = {isa = PBXFileReference; lastKnownFileType = sourcecode.swift; path = AppDelegate.swift; sourceTree = "<group>"; };
		8FF86747208F733F00E1BCC1 /* ViewController.swift */ = {isa = PBXFileReference; lastKnownFileType = sourcecode.swift; path = ViewController.swift; sourceTree = "<group>"; };
		8FF8674A208F733F00E1BCC1 /* Base */ = {isa = PBXFileReference; lastKnownFileType = file.storyboard; name = Base; path = Base.lproj/Main.storyboard; sourceTree = "<group>"; };
		8FF8674C208F734100E1BCC1 /* Assets.xcassets */ = {isa = PBXFileReference; lastKnownFileType = folder.assetcatalog; path = Assets.xcassets; sourceTree = "<group>"; };
		8FF8674F208F734100E1BCC1 /* Base */ = {isa = PBXFileReference; lastKnownFileType = file.storyboard; name = Base; path = Base.lproj/LaunchScreen.storyboard; sourceTree = "<group>"; };
		8FF86751208F734100E1BCC1 /* Info.plist */ = {isa = PBXFileReference; lastKnownFileType = text.plist.xml; path = Info.plist; sourceTree = "<group>"; };
/* End PBXFileReference section */

/* Begin PBXFrameworksBuildPhase section */
		8FF8673F208F733F00E1BCC1 /* Frameworks */ = {
			isa = PBXFrameworksBuildPhase;
			buildActionMask = 2147483647;
			files = (
			);
			runOnlyForDeploymentPostprocessing = 0;
		};
/* End PBXFrameworksBuildPhase section */

/* Begin PBXGroup section */
		8FF335FA2094807D00882DC9 /* Managers */ = {
			isa = PBXGroup;
			children = (
				8FF335FB209480A600882DC9 /* AssetPersistenceManager.swift */,
				8FF33600209482C500882DC9 /* StreamListManager.swift */,
			);
			path = Managers;
			sourceTree = "<group>";
		};
		8FF335FD2094813000882DC9 /* Model */ = {
			isa = PBXGroup;
			children = (
				8FF335FE2094814700882DC9 /* Asset.swift */,
				8FF336022094847400882DC9 /* Stream.swift */,
			);
			path = Model;
			sourceTree = "<group>";
		};
		8FF86739208F733F00E1BCC1 = {
			isa = PBXGroup;
			children = (
				8FF86744208F733F00E1BCC1 /* HlsVideoPlayerApp */,
				8FF86743208F733F00E1BCC1 /* Products */,
			);
			sourceTree = "<group>";
		};
		8FF86743208F733F00E1BCC1 /* Products */ = {
			isa = PBXGroup;
			children = (
				8FF86742208F733F00E1BCC1 /* HlsVideoPlayerApp.app */,
			);
			name = Products;
			sourceTree = "<group>";
		};
		8FF86744208F733F00E1BCC1 /* HlsVideoPlayerApp */ = {
			isa = PBXGroup;
			children = (
				8FF335FD2094813000882DC9 /* Model */,
				8FF335FA2094807D00882DC9 /* Managers */,
				8FF86745208F733F00E1BCC1 /* AppDelegate.swift */,
				8FF86747208F733F00E1BCC1 /* ViewController.swift */,
				8FF86749208F733F00E1BCC1 /* Main.storyboard */,
				8FF8674C208F734100E1BCC1 /* Assets.xcassets */,
				8FF8674E208F734100E1BCC1 /* LaunchScreen.storyboard */,
				8FF86751208F734100E1BCC1 /* Info.plist */,
				8FF336042094889700882DC9 /* Extensions.swift */,
				8FF33606209492B700882DC9 /* Streams.plist */,
			);
			path = HlsVideoPlayerApp;
			sourceTree = "<group>";
		};
/* End PBXGroup section */

/* Begin PBXNativeTarget section */
		8FF86741208F733F00E1BCC1 /* HlsVideoPlayerApp */ = {
			isa = PBXNativeTarget;
			buildConfigurationList = 8FF86754208F734100E1BCC1 /* Build configuration list for PBXNativeTarget "HlsVideoPlayerApp" */;
			buildPhases = (
				8FF8673E208F733F00E1BCC1 /* Sources */,
				8FF8673F208F733F00E1BCC1 /* Frameworks */,
				8FF86740208F733F00E1BCC1 /* Resources */,
			);
			buildRules = (
			);
			dependencies = (
			);
			name = HlsVideoPlayerApp;
			productName = HlsVideoPlayerApp;
			productReference = 8FF86742208F733F00E1BCC1 /* HlsVideoPlayerApp.app */;
			productType = "com.apple.product-type.application";
		};
/* End PBXNativeTarget section */

/* Begin PBXProject section */
		8FF8673A208F733F00E1BCC1 /* Project object */ = {
			isa = PBXProject;
			attributes = {
				LastSwiftUpdateCheck = 0930;
				LastUpgradeCheck = 0930;
				ORGANIZATIONNAME = "Onur Hüseyin Çantay";
				TargetAttributes = {
					8FF86741208F733F00E1BCC1 = {
						CreatedOnToolsVersion = 9.3;
					};
				};
			};
			buildConfigurationList = 8FF8673D208F733F00E1BCC1 /* Build configuration list for PBXProject "HlsVideoPlayerApp" */;
			compatibilityVersion = "Xcode 9.3";
			developmentRegion = en;
			hasScannedForEncodings = 0;
			knownRegions = (
				en,
				Base,
			);
			mainGroup = 8FF86739208F733F00E1BCC1;
			productRefGroup = 8FF86743208F733F00E1BCC1 /* Products */;
			projectDirPath = "";
			projectRoot = "";
			targets = (
				8FF86741208F733F00E1BCC1 /* HlsVideoPlayerApp */,
			);
		};
/* End PBXProject section */

/* Begin PBXResourcesBuildPhase section */
		8FF86740208F733F00E1BCC1 /* Resources */ = {
			isa = PBXResourcesBuildPhase;
			buildActionMask = 2147483647;
			files = (
				8FF86750208F734100E1BCC1 /* LaunchScreen.storyboard in Resources */,
				8FF8674D208F734100E1BCC1 /* Assets.xcassets in Resources */,
				8FF33607209492B700882DC9 /* Streams.plist in Resources */,
				8FF8674B208F733F00E1BCC1 /* Main.storyboard in Resources */,
			);
			runOnlyForDeploymentPostprocessing = 0;
		};
/* End PBXResourcesBuildPhase section */

/* Begin PBXSourcesBuildPhase section */
		8FF8673E208F733F00E1BCC1 /* Sources */ = {
			isa = PBXSourcesBuildPhase;
			buildActionMask = 2147483647;
			files = (
				8FF335FC209480A600882DC9 /* AssetPersistenceManager.swift in Sources */,
				8FF336032094847400882DC9 /* Stream.swift in Sources */,
				8FF86748208F733F00E1BCC1 /* ViewController.swift in Sources */,
				8FF335FF2094814700882DC9 /* Asset.swift in Sources */,
				8FF86746208F733F00E1BCC1 /* AppDelegate.swift in Sources */,
				8FF33601209482C500882DC9 /* StreamListManager.swift in Sources */,
				8FF336052094889700882DC9 /* Extensions.swift in Sources */,
			);
			runOnlyForDeploymentPostprocessing = 0;
		};
/* End PBXSourcesBuildPhase section */

/* Begin PBXVariantGroup section */
		8FF86749208F733F00E1BCC1 /* Main.storyboard */ = {
			isa = PBXVariantGroup;
			children = (
				8FF8674A208F733F00E1BCC1 /* Base */,
			);
			name = Main.storyboard;
			sourceTree = "<group>";
		};
		8FF8674E208F734100E1BCC1 /* LaunchScreen.storyboard */ = {
			isa = PBXVariantGroup;
			children = (
				8FF8674F208F734100E1BCC1 /* Base */,
			);
			name = LaunchScreen.storyboard;
			sourceTree = "<group>";
		};
/* End PBXVariantGroup section */

/* Begin XCBuildConfiguration section */
		8FF86752208F734100E1BCC1 /* Debug */ = {
			isa = XCBuildConfiguration;
			buildSettings = {
				ALWAYS_SEARCH_USER_PATHS = NO;
				CLANG_ANALYZER_NONNULL = YES;
				CLANG_ANALYZER_NUMBER_OBJECT_CONVERSION = YES_AGGRESSIVE;
				CLANG_CXX_LANGUAGE_STANDARD = "gnu++14";
				CLANG_CXX_LIBRARY = "libc++";
				CLANG_ENABLE_MODULES = YES;
				CLANG_ENABLE_OBJC_ARC = YES;
				CLANG_ENABLE_OBJC_WEAK = YES;
				CLANG_WARN_BLOCK_CAPTURE_AUTORELEASING = YES;
				CLANG_WARN_BOOL_CONVERSION = YES;
				CLANG_WARN_COMMA = YES;
				CLANG_WARN_CONSTANT_CONVERSION = YES;
				CLANG_WARN_DEPRECATED_OBJC_IMPLEMENTATIONS = YES;
				CLANG_WARN_DIRECT_OBJC_ISA_USAGE = YES_ERROR;
				CLANG_WARN_DOCUMENTATION_COMMENTS = YES;
				CLANG_WARN_EMPTY_BODY = YES;
				CLANG_WARN_ENUM_CONVERSION = YES;
				CLANG_WARN_INFINITE_RECURSION = YES;
				CLANG_WARN_INT_CONVERSION = YES;
				CLANG_WARN_NON_LITERAL_NULL_CONVERSION = YES;
				CLANG_WARN_OBJC_IMPLICIT_RETAIN_SELF = YES;
				CLANG_WARN_OBJC_LITERAL_CONVERSION = YES;
				CLANG_WARN_OBJC_ROOT_CLASS = YES_ERROR;
				CLANG_WARN_RANGE_LOOP_ANALYSIS = YES;
				CLANG_WARN_STRICT_PROTOTYPES = YES;
				CLANG_WARN_SUSPICIOUS_MOVE = YES;
				CLANG_WARN_UNGUARDED_AVAILABILITY = YES_AGGRESSIVE;
				CLANG_WARN_UNREACHABLE_CODE = YES;
				CLANG_WARN__DUPLICATE_METHOD_MATCH = YES;
				CODE_SIGN_IDENTITY = "iPhone Developer";
				COPY_PHASE_STRIP = NO;
				DEBUG_INFORMATION_FORMAT = dwarf;
				ENABLE_STRICT_OBJC_MSGSEND = YES;
				ENABLE_TESTABILITY = YES;
				GCC_C_LANGUAGE_STANDARD = gnu11;
				GCC_DYNAMIC_NO_PIC = NO;
				GCC_NO_COMMON_BLOCKS = YES;
				GCC_OPTIMIZATION_LEVEL = 0;
				GCC_PREPROCESSOR_DEFINITIONS = (
					"DEBUG=1",
					"$(inherited)",
				);
				GCC_WARN_64_TO_32_BIT_CONVERSION = YES;
				GCC_WARN_ABOUT_RETURN_TYPE = YES_ERROR;
				GCC_WARN_UNDECLARED_SELECTOR = YES;
				GCC_WARN_UNINITIALIZED_AUTOS = YES_AGGRESSIVE;
				GCC_WARN_UNUSED_FUNCTION = YES;
				GCC_WARN_UNUSED_VARIABLE = YES;
				IPHONEOS_DEPLOYMENT_TARGET = 11.3;
				MTL_ENABLE_DEBUG_INFO = YES;
				ONLY_ACTIVE_ARCH = YES;
				SDKROOT = iphoneos;
				SWIFT_ACTIVE_COMPILATION_CONDITIONS = DEBUG;
				SWIFT_OPTIMIZATION_LEVEL = "-Onone";
			};
			name = Debug;
		};
		8FF86753208F734100E1BCC1 /* Release */ = {
			isa = XCBuildConfiguration;
			buildSettings = {
				ALWAYS_SEARCH_USER_PATHS = NO;
				CLANG_ANALYZER_NONNULL = YES;
				CLANG_ANALYZER_NUMBER_OBJECT_CONVERSION = YES_AGGRESSIVE;
				CLANG_CXX_LANGUAGE_STANDARD = "gnu++14";
				CLANG_CXX_LIBRARY = "libc++";
				CLANG_ENABLE_MODULES = YES;
				CLANG_ENABLE_OBJC_ARC = YES;
				CLANG_ENABLE_OBJC_WEAK = YES;
				CLANG_WARN_BLOCK_CAPTURE_AUTORELEASING = YES;
				CLANG_WARN_BOOL_CONVERSION = YES;
				CLANG_WARN_COMMA = YES;
				CLANG_WARN_CONSTANT_CONVERSION = YES;
				CLANG_WARN_DEPRECATED_OBJC_IMPLEMENTATIONS = YES;
				CLANG_WARN_DIRECT_OBJC_ISA_USAGE = YES_ERROR;
				CLANG_WARN_DOCUMENTATION_COMMENTS = YES;
				CLANG_WARN_EMPTY_BODY = YES;
				CLANG_WARN_ENUM_CONVERSION = YES;
				CLANG_WARN_INFINITE_RECURSION = YES;
				CLANG_WARN_INT_CONVERSION = YES;
				CLANG_WARN_NON_LITERAL_NULL_CONVERSION = YES;
				CLANG_WARN_OBJC_IMPLICIT_RETAIN_SELF = YES;
				CLANG_WARN_OBJC_LITERAL_CONVERSION = YES;
				CLANG_WARN_OBJC_ROOT_CLASS = YES_ERROR;
				CLANG_WARN_RANGE_LOOP_ANALYSIS = YES;
				CLANG_WARN_STRICT_PROTOTYPES = YES;
				CLANG_WARN_SUSPICIOUS_MOVE = YES;
				CLANG_WARN_UNGUARDED_AVAILABILITY = YES_AGGRESSIVE;
				CLANG_WARN_UNREACHABLE_CODE = YES;
				CLANG_WARN__DUPLICATE_METHOD_MATCH = YES;
				CODE_SIGN_IDENTITY = "iPhone Developer";
				COPY_PHASE_STRIP = NO;
				DEBUG_INFORMATION_FORMAT = "dwarf-with-dsym";
				ENABLE_NS_ASSERTIONS = NO;
				ENABLE_STRICT_OBJC_MSGSEND = YES;
				GCC_C_LANGUAGE_STANDARD = gnu11;
				GCC_NO_COMMON_BLOCKS = YES;
				GCC_WARN_64_TO_32_BIT_CONVERSION = YES;
				GCC_WARN_ABOUT_RETURN_TYPE = YES_ERROR;
				GCC_WARN_UNDECLARED_SELECTOR = YES;
				GCC_WARN_UNINITIALIZED_AUTOS = YES_AGGRESSIVE;
				GCC_WARN_UNUSED_FUNCTION = YES;
				GCC_WARN_UNUSED_VARIABLE = YES;
				IPHONEOS_DEPLOYMENT_TARGET = 11.3;
				MTL_ENABLE_DEBUG_INFO = NO;
				SDKROOT = iphoneos;
				SWIFT_COMPILATION_MODE = wholemodule;
				SWIFT_OPTIMIZATION_LEVEL = "-O";
				VALIDATE_PRODUCT = YES;
			};
			name = Release;
		};
		8FF86755208F734100E1BCC1 /* Debug */ = {
			isa = XCBuildConfiguration;
			buildSettings = {
				ASSETCATALOG_COMPILER_APPICON_NAME = AppIcon;
				CODE_SIGN_STYLE = Automatic;
				DEVELOPMENT_TEAM = B4F2B776R3;
				INFOPLIST_FILE = HlsVideoPlayerApp/Info.plist;
				LD_RUNPATH_SEARCH_PATHS = (
					"$(inherited)",
					"@executable_path/Frameworks",
				);
				PRODUCT_BUNDLE_IDENTIFIER = onurhuseyincantay.HlsVideoPlayerApp;
				PRODUCT_NAME = "$(TARGET_NAME)";
				SWIFT_VERSION = 4.0;
				TARGETED_DEVICE_FAMILY = "1,2";
			};
			name = Debug;
		};
		8FF86756208F734100E1BCC1 /* Release */ = {
			isa = XCBuildConfiguration;
			buildSettings = {
				ASSETCATALOG_COMPILER_APPICON_NAME = AppIcon;
				CODE_SIGN_STYLE = Automatic;
				DEVELOPMENT_TEAM = B4F2B776R3;
				INFOPLIST_FILE = HlsVideoPlayerApp/Info.plist;
				LD_RUNPATH_SEARCH_PATHS = (
					"$(inherited)",
					"@executable_path/Frameworks",
				);
				PRODUCT_BUNDLE_IDENTIFIER = onurhuseyincantay.HlsVideoPlayerApp;
				PRODUCT_NAME = "$(TARGET_NAME)";
				SWIFT_VERSION = 4.0;
				TARGETED_DEVICE_FAMILY = "1,2";
			};
			name = Release;
		};
/* End XCBuildConfiguration section */

/* Begin XCConfigurationList section */
		8FF8673D208F733F00E1BCC1 /* Build configuration list for PBXProject "HlsVideoPlayerApp" */ = {
			isa = XCConfigurationList;
			buildConfigurations = (
				8FF86752208F734100E1BCC1 /* Debug */,
				8FF86753208F734100E1BCC1 /* Release */,
			);
			defaultConfigurationIsVisible = 0;
			defaultConfigurationName = Release;
		};
		8FF86754208F734100E1BCC1 /* Build configuration list for PBXNativeTarget "HlsVideoPlayerApp" */ = {
			isa = XCConfigurationList;
			buildConfigurations = (
				8FF86755208F734100E1BCC1 /* Debug */,
				8FF86756208F734100E1BCC1 /* Release */,
			);
			defaultConfigurationIsVisible = 0;
			defaultConfigurationName = Release;
		};
/* End XCConfigurationList section */
	};
	rootObject = 8FF8673A208F733F00E1BCC1 /* Project object */;
}
